<?xml version="1.0" encoding="utf-8"?>
<Project ToolsVersion="4.0" xmlns="http://schemas.microsoft.com/developer/msbuild/2003">
  <ItemGroup>
    <Filter Include="Source Files">
      <UniqueIdentifier>{4FC737F1-C7A5-4376-A066-2A32D752A2FF}</UniqueIdentifier>
      <Extensions>cpp;c;cc;cxx;c++;def;odl;idl;hpj;bat;asm;asmx</Extensions>
    </Filter>
    <Filter Include="Header Files">
      <UniqueIdentifier>{93995380-89BD-4b04-88EB-625FBE52EBFB}</UniqueIdentifier>
      <Extensions>h;hh;hpp;hxx;h++;hm;inl;inc;ipp;xsd</Extensions>
    </Filter>
    <Filter Include="Resource Files">
      <UniqueIdentifier>{67DA6AB6-F800-4c08-8B7A-83BB121AAD01}</UniqueIdentifier>
      <Extensions>rc;ico;cur;bmp;dlg;rc2;rct;bin;rgs;gif;jpg;jpeg;jpe;resx;tiff;tif;png;wav;mfcribbon-ms</Extensions>
    </Filter>
    <Filter Include="Source Files\Window">
      <UniqueIdentifier>{5001cac6-f832-4ad2-a54f-914e9225b65f}</UniqueIdentifier>
    </Filter>
    <Filter Include="Source Files\UI">
      <UniqueIdentifier>{6253f8ca-c782-45a0-8f18-97ec48454ce7}</UniqueIdentifier>
    </Filter>
    <Filter Include="Source Files\UI\Controls">
      <UniqueIdentifier>{0bedde12-bc52-460e-99c1-58ddbf03acc3}</UniqueIdentifier>
    </Filter>
    <Filter Include="Source Files\D3D">
      <UniqueIdentifier>{d7f52e0f-2cee-4cfb-8098-5b2b85bbf8d6}</UniqueIdentifier>
    </Filter>
    <Filter Include="Source Files\UI\Controls\Headers">
      <UniqueIdentifier>{ffce7905-df2b-4f2d-a68d-17abbc1f47f9}</UniqueIdentifier>
    </Filter>
    <Filter Include="Source Files\UI\Controls\Definitions">
      <UniqueIdentifier>{883960a0-dff2-4aa9-88b0-0e081b93bf13}</UniqueIdentifier>
    </Filter>
    <Filter Include="Source Files\UI\Utils">
      <UniqueIdentifier>{5c7ec65e-7e21-4127-a476-4336daf64218}</UniqueIdentifier>
    </Filter>
  </ItemGroup>
  <ItemGroup>
    <ClCompile Include="main.cpp">
      <Filter>Source Files</Filter>
    </ClCompile>
    <ClCompile Include="D3D\draw_func.cpp">
      <Filter>Source Files</Filter>
    </ClCompile>
    <ClCompile Include="UI\Controls\Definitions\box.cpp">
      <Filter>Source Files</Filter>
    </ClCompile>
    <ClCompile Include="UI\Controls\Definitions\checkbox.cpp">
      <Filter>Source Files</Filter>
    </ClCompile>
    <ClCompile Include="UI\Controls\Definitions\textbox.cpp">
      <Filter>Source Files</Filter>
    </ClCompile>
    <ClCompile Include="UI\ui.cpp">
      <Filter>Source Files</Filter>
    </ClCompile>
    <ClCompile Include="UI\Utils\key_state_manager.cpp">
      <Filter>Source Files</Filter>
    </ClCompile>
    <ClCompile Include="Window\window.cpp">
      <Filter>Source Files</Filter>
    </ClCompile>
  </ItemGroup>
  <ItemGroup>
    <ClInclude Include="D3D\draw_func.h">
      <Filter>Header Files</Filter>
    </ClInclude>
    <ClInclude Include="UI\control.h">
      <Filter>Header Files</Filter>
    </ClInclude>
    <ClInclude Include="UI\Controls\Headers\box.h">
      <Filter>Header Files</Filter>
    </ClInclude>
    <ClInclude Include="UI\Controls\Headers\checkbox.h">
      <Filter>Header Files</Filter>
    </ClInclude>
    <ClInclude Include="UI\Controls\Headers\textbox.h">
      <Filter>Header Files</Filter>
    </ClInclude>
    <ClInclude Include="UI\ui.h">
      <Filter>Header Files</Filter>
    </ClInclude>
    <ClInclude Include="UI\Utils\key_state_manager.h">
      <Filter>Header Files</Filter>
    </ClInclude>
    <ClInclude Include="Window\window.h">
      <Filter>Header Files</Filter>
    </ClInclude>
  </ItemGroup>
</Project>